// !$*UTF8*$!
{
	archiveVersion = 1;
	classes = {
	};
	objectVersion = 48;
	objects = {

/* Begin PBXBuildFile section */
		B196B7261FF86C6B00F12012 /* AppDelegate.swift in Sources */ = {isa = PBXBuildFile; fileRef = B196B7251FF86C6B00F12012 /* AppDelegate.swift */; };
		B196B72E1FF86C6B00F12012 /* VirtualTourist.xcdatamodeld in Sources */ = {isa = PBXBuildFile; fileRef = B196B72C1FF86C6B00F12012 /* VirtualTourist.xcdatamodeld */; };
		B196B7301FF86C6B00F12012 /* Assets.xcassets in Resources */ = {isa = PBXBuildFile; fileRef = B196B72F1FF86C6B00F12012 /* Assets.xcassets */; };
		B196B7331FF86C6B00F12012 /* LaunchScreen.storyboard in Resources */ = {isa = PBXBuildFile; fileRef = B196B7311FF86C6B00F12012 /* LaunchScreen.storyboard */; };
		B196B7451FF8801400F12012 /* PhotoAlbumVC.swift in Sources */ = {isa = PBXBuildFile; fileRef = B196B7441FF8801400F12012 /* PhotoAlbumVC.swift */; };
		B196B7471FF8801A00F12012 /* PhotoAlbumVC.storyboard in Resources */ = {isa = PBXBuildFile; fileRef = B196B7461FF8801A00F12012 /* PhotoAlbumVC.storyboard */; };
		B196B7491FF8802400F12012 /* TravelLocationsVC.swift in Sources */ = {isa = PBXBuildFile; fileRef = B196B7481FF8802400F12012 /* TravelLocationsVC.swift */; };
		B196B74B1FF8802B00F12012 /* TravelLocationsVC.storyboard in Resources */ = {isa = PBXBuildFile; fileRef = B196B74A1FF8802B00F12012 /* TravelLocationsVC.storyboard */; };
		B196B74E1FF887A000F12012 /* PhotoAlbumCell.swift in Sources */ = {isa = PBXBuildFile; fileRef = B196B74D1FF887A000F12012 /* PhotoAlbumCell.swift */; };
		B196B7501FF8882900F12012 /* UICollectionView+Load.swift in Sources */ = {isa = PBXBuildFile; fileRef = B196B74F1FF8882900F12012 /* UICollectionView+Load.swift */; };
		B196B7521FF888D100F12012 /* UIViewController+Load.swift in Sources */ = {isa = PBXBuildFile; fileRef = B196B7511FF888D100F12012 /* UIViewController+Load.swift */; };
/* End PBXBuildFile section */

/* Begin PBXFileReference section */
		B196B7221FF86C6B00F12012 /* VirtualTourist.app */ = {isa = PBXFileReference; explicitFileType = wrapper.application; includeInIndex = 0; path = VirtualTourist.app; sourceTree = BUILT_PRODUCTS_DIR; };
		B196B7251FF86C6B00F12012 /* AppDelegate.swift */ = {isa = PBXFileReference; lastKnownFileType = sourcecode.swift; path = AppDelegate.swift; sourceTree = "<group>"; };
		B196B72D1FF86C6B00F12012 /* VirtualTourist.xcdatamodel */ = {isa = PBXFileReference; lastKnownFileType = wrapper.xcdatamodel; path = VirtualTourist.xcdatamodel; sourceTree = "<group>"; };
		B196B72F1FF86C6B00F12012 /* Assets.xcassets */ = {isa = PBXFileReference; lastKnownFileType = folder.assetcatalog; path = Assets.xcassets; sourceTree = "<group>"; };
		B196B7321FF86C6B00F12012 /* Base */ = {isa = PBXFileReference; lastKnownFileType = file.storyboard; name = Base; path = Base.lproj/LaunchScreen.storyboard; sourceTree = "<group>"; };
		B196B7341FF86C6B00F12012 /* Info.plist */ = {isa = PBXFileReference; lastKnownFileType = text.plist.xml; path = Info.plist; sourceTree = "<group>"; };
		B196B7441FF8801400F12012 /* PhotoAlbumVC.swift */ = {isa = PBXFileReference; lastKnownFileType = sourcecode.swift; path = PhotoAlbumVC.swift; sourceTree = "<group>"; };
		B196B7461FF8801A00F12012 /* PhotoAlbumVC.storyboard */ = {isa = PBXFileReference; lastKnownFileType = file.storyboard; path = PhotoAlbumVC.storyboard; sourceTree = "<group>"; };
		B196B7481FF8802400F12012 /* TravelLocationsVC.swift */ = {isa = PBXFileReference; lastKnownFileType = sourcecode.swift; path = TravelLocationsVC.swift; sourceTree = "<group>"; };
		B196B74A1FF8802B00F12012 /* TravelLocationsVC.storyboard */ = {isa = PBXFileReference; lastKnownFileType = file.storyboard; path = TravelLocationsVC.storyboard; sourceTree = "<group>"; };
		B196B74D1FF887A000F12012 /* PhotoAlbumCell.swift */ = {isa = PBXFileReference; lastKnownFileType = sourcecode.swift; path = PhotoAlbumCell.swift; sourceTree = "<group>"; };
		B196B74F1FF8882900F12012 /* UICollectionView+Load.swift */ = {isa = PBXFileReference; lastKnownFileType = sourcecode.swift; path = "UICollectionView+Load.swift"; sourceTree = "<group>"; };
		B196B7511FF888D100F12012 /* UIViewController+Load.swift */ = {isa = PBXFileReference; lastKnownFileType = sourcecode.swift; path = "UIViewController+Load.swift"; sourceTree = "<group>"; };
/* End PBXFileReference section */

/* Begin PBXFrameworksBuildPhase section */
		B196B71F1FF86C6B00F12012 /* Frameworks */ = {
			isa = PBXFrameworksBuildPhase;
			buildActionMask = 2147483647;
			files = (
			);
			runOnlyForDeploymentPostprocessing = 0;
		};
/* End PBXFrameworksBuildPhase section */

/* Begin PBXGroup section */
		B196B7191FF86C6B00F12012 = {
			isa = PBXGroup;
			children = (
				B196B7241FF86C6B00F12012 /* VirtualTourist */,
				B196B7231FF86C6B00F12012 /* Products */,
			);
			sourceTree = "<group>";
		};
		B196B7231FF86C6B00F12012 /* Products */ = {
			isa = PBXGroup;
			children = (
				B196B7221FF86C6B00F12012 /* VirtualTourist.app */,
			);
			name = Products;
			sourceTree = "<group>";
		};
		B196B7241FF86C6B00F12012 /* VirtualTourist */ = {
			isa = PBXGroup;
			children = (
				B196B73A1FF87ECB00F12012 /* API */,
				B196B73B1FF87ED200F12012 /* Models */,
				B196B73C1FF87ED700F12012 /* Controllers */,
				B196B73D1FF87EDC00F12012 /* View */,
				B196B7251FF86C6B00F12012 /* AppDelegate.swift */,
				B196B72F1FF86C6B00F12012 /* Assets.xcassets */,
				B196B7311FF86C6B00F12012 /* LaunchScreen.storyboard */,
				B196B7341FF86C6B00F12012 /* Info.plist */,
				B196B72C1FF86C6B00F12012 /* VirtualTourist.xcdatamodeld */,
			);
			path = VirtualTourist;
			sourceTree = "<group>";
		};
		B196B73A1FF87ECB00F12012 /* API */ = {
			isa = PBXGroup;
			children = (
			);
			path = API;
			sourceTree = "<group>";
		};
		B196B73B1FF87ED200F12012 /* Models */ = {
			isa = PBXGroup;
			children = (
			);
			path = Models;
			sourceTree = "<group>";
		};
		B196B73C1FF87ED700F12012 /* Controllers */ = {
			isa = PBXGroup;
			children = (
				B196B7421FF87FBB00F12012 /* TravelLocations */,
				B196B7431FF87FC600F12012 /* PhotoAlbum */,
			);
			path = Controllers;
			sourceTree = "<group>";
		};
		B196B73D1FF87EDC00F12012 /* View */ = {
			isa = PBXGroup;
			children = (
				B196B74F1FF8882900F12012 /* UICollectionView+Load.swift */,
				B196B7511FF888D100F12012 /* UIViewController+Load.swift */,
			);
			path = View;
			sourceTree = "<group>";
		};
		B196B7421FF87FBB00F12012 /* TravelLocations */ = {
			isa = PBXGroup;
			children = (
				B196B7481FF8802400F12012 /* TravelLocationsVC.swift */,
				B196B74A1FF8802B00F12012 /* TravelLocationsVC.storyboard */,
			);
			path = TravelLocations;
			sourceTree = "<group>";
		};
		B196B7431FF87FC600F12012 /* PhotoAlbum */ = {
			isa = PBXGroup;
			children = (
				B196B74C1FF8878F00F12012 /* Cell */,
				B196B7441FF8801400F12012 /* PhotoAlbumVC.swift */,
				B196B7461FF8801A00F12012 /* PhotoAlbumVC.storyboard */,
			);
			path = PhotoAlbum;
			sourceTree = "<group>";
		};
		B196B74C1FF8878F00F12012 /* Cell */ = {
			isa = PBXGroup;
			children = (
				B196B74D1FF887A000F12012 /* PhotoAlbumCell.swift */,
			);
			path = Cell;
			sourceTree = "<group>";
		};
/* End PBXGroup section */

/* Begin PBXNativeTarget section */
		B196B7211FF86C6B00F12012 /* VirtualTourist */ = {
			isa = PBXNativeTarget;
			buildConfigurationList = B196B7371FF86C6B00F12012 /* Build configuration list for PBXNativeTarget "VirtualTourist" */;
			buildPhases = (
				B196B71E1FF86C6B00F12012 /* Sources */,
				B196B71F1FF86C6B00F12012 /* Frameworks */,
				B196B7201FF86C6B00F12012 /* Resources */,
			);
			buildRules = (
			);
			dependencies = (
			);
			name = VirtualTourist;
			productName = VirtualTourist;
			productReference = B196B7221FF86C6B00F12012 /* VirtualTourist.app */;
			productType = "com.apple.product-type.application";
		};
/* End PBXNativeTarget section */

/* Begin PBXProject section */
		B196B71A1FF86C6B00F12012 /* Project object */ = {
			isa = PBXProject;
			attributes = {
				LastSwiftUpdateCheck = 0920;
				LastUpgradeCheck = 0920;
				ORGANIZATIONNAME = "Rigoberto Sáenz Imbacuán";
				TargetAttributes = {
					B196B7211FF86C6B00F12012 = {
						CreatedOnToolsVersion = 9.2;
						ProvisioningStyle = Automatic;
					};
				};
			};
			buildConfigurationList = B196B71D1FF86C6B00F12012 /* Build configuration list for PBXProject "VirtualTourist" */;
			compatibilityVersion = "Xcode 8.0";
			developmentRegion = en;
			hasScannedForEncodings = 0;
			knownRegions = (
				en,
				Base,
			);
			mainGroup = B196B7191FF86C6B00F12012;
			productRefGroup = B196B7231FF86C6B00F12012 /* Products */;
			projectDirPath = "";
			projectRoot = "";
			targets = (
				B196B7211FF86C6B00F12012 /* VirtualTourist */,
			);
		};
/* End PBXProject section */

/* Begin PBXResourcesBuildPhase section */
		B196B7201FF86C6B00F12012 /* Resources */ = {
			isa = PBXResourcesBuildPhase;
			buildActionMask = 2147483647;
			files = (
				B196B7331FF86C6B00F12012 /* LaunchScreen.storyboard in Resources */,
				B196B74B1FF8802B00F12012 /* TravelLocationsVC.storyboard in Resources */,
				B196B7301FF86C6B00F12012 /* Assets.xcassets in Resources */,
				B196B7471FF8801A00F12012 /* PhotoAlbumVC.storyboard in Resources */,
			);
			runOnlyForDeploymentPostprocessing = 0;
		};
/* End PBXResourcesBuildPhase section */

/* Begin PBXSourcesBuildPhase section */
		B196B71E1FF86C6B00F12012 /* Sources */ = {
			isa = PBXSourcesBuildPhase;
			buildActionMask = 2147483647;
			files = (
				B196B7261FF86C6B00F12012 /* AppDelegate.swift in Sources */,
				B196B7491FF8802400F12012 /* TravelLocationsVC.swift in Sources */,
				B196B7451FF8801400F12012 /* PhotoAlbumVC.swift in Sources */,
				B196B72E1FF86C6B00F12012 /* VirtualTourist.xcdatamodeld in Sources */,
				B196B7501FF8882900F12012 /* UICollectionView+Load.swift in Sources */,
				B196B7521FF888D100F12012 /* UIViewController+Load.swift in Sources */,
				B196B74E1FF887A000F12012 /* PhotoAlbumCell.swift in Sources */,
			);
			runOnlyForDeploymentPostprocessing = 0;
		};
/* End PBXSourcesBuildPhase section */

/* Begin PBXVariantGroup section */
		B196B7311FF86C6B00F12012 /* LaunchScreen.storyboard */ = {
			isa = PBXVariantGroup;
			children = (
				B196B7321FF86C6B00F12012 /* Base */,
			);
			name = LaunchScreen.storyboard;
			sourceTree = "<group>";
		};
/* End PBXVariantGroup section */

/* Begin XCBuildConfiguration section */
		B196B7351FF86C6B00F12012 /* Debug */ = {
			isa = XCBuildConfiguration;
			buildSettings = {
				ALWAYS_SEARCH_USER_PATHS = NO;
				CLANG_ANALYZER_NONNULL = YES;
				CLANG_ANALYZER_NUMBER_OBJECT_CONVERSION = YES_AGGRESSIVE;
				CLANG_CXX_LANGUAGE_STANDARD = "gnu++14";
				CLANG_CXX_LIBRARY = "libc++";
				CLANG_ENABLE_MODULES = YES;
				CLANG_ENABLE_OBJC_ARC = YES;
				CLANG_WARN_BLOCK_CAPTURE_AUTORELEASING = YES;
				CLANG_WARN_BOOL_CONVERSION = YES;
				CLANG_WARN_COMMA = YES;
				CLANG_WARN_CONSTANT_CONVERSION = YES;
				CLANG_WARN_DIRECT_OBJC_ISA_USAGE = YES_ERROR;
				CLANG_WARN_DOCUMENTATION_COMMENTS = YES;
				CLANG_WARN_EMPTY_BODY = YES;
				CLANG_WARN_ENUM_CONVERSION = YES;
				CLANG_WARN_INFINITE_RECURSION = YES;
				CLANG_WARN_INT_CONVERSION = YES;
				CLANG_WARN_NON_LITERAL_NULL_CONVERSION = YES;
				CLANG_WARN_OBJC_LITERAL_CONVERSION = YES;
				CLANG_WARN_OBJC_ROOT_CLASS = YES_ERROR;
				CLANG_WARN_RANGE_LOOP_ANALYSIS = YES;
				CLANG_WARN_STRICT_PROTOTYPES = YES;
				CLANG_WARN_SUSPICIOUS_MOVE = YES;
				CLANG_WARN_UNGUARDED_AVAILABILITY = YES_AGGRESSIVE;
				CLANG_WARN_UNREACHABLE_CODE = YES;
				CLANG_WARN__DUPLICATE_METHOD_MATCH = YES;
				CODE_SIGN_IDENTITY = "iPhone Developer";
				COPY_PHASE_STRIP = NO;
				DEBUG_INFORMATION_FORMAT = dwarf;
				ENABLE_STRICT_OBJC_MSGSEND = YES;
				ENABLE_TESTABILITY = YES;
				GCC_C_LANGUAGE_STANDARD = gnu11;
				GCC_DYNAMIC_NO_PIC = NO;
				GCC_NO_COMMON_BLOCKS = YES;
				GCC_OPTIMIZATION_LEVEL = 0;
				GCC_PREPROCESSOR_DEFINITIONS = (
					"DEBUG=1",
					"$(inherited)",
				);
				GCC_WARN_64_TO_32_BIT_CONVERSION = YES;
				GCC_WARN_ABOUT_RETURN_TYPE = YES_ERROR;
				GCC_WARN_UNDECLARED_SELECTOR = YES;
				GCC_WARN_UNINITIALIZED_AUTOS = YES_AGGRESSIVE;
				GCC_WARN_UNUSED_FUNCTION = YES;
				GCC_WARN_UNUSED_VARIABLE = YES;
				IPHONEOS_DEPLOYMENT_TARGET = 11.2;
				MTL_ENABLE_DEBUG_INFO = YES;
				ONLY_ACTIVE_ARCH = YES;
				SDKROOT = iphoneos;
				SWIFT_ACTIVE_COMPILATION_CONDITIONS = DEBUG;
				SWIFT_OPTIMIZATION_LEVEL = "-Onone";
			};
			name = Debug;
		};
		B196B7361FF86C6B00F12012 /* Release */ = {
			isa = XCBuildConfiguration;
			buildSettings = {
				ALWAYS_SEARCH_USER_PATHS = NO;
				CLANG_ANALYZER_NONNULL = YES;
				CLANG_ANALYZER_NUMBER_OBJECT_CONVERSION = YES_AGGRESSIVE;
				CLANG_CXX_LANGUAGE_STANDARD = "gnu++14";
				CLANG_CXX_LIBRARY = "libc++";
				CLANG_ENABLE_MODULES = YES;
				CLANG_ENABLE_OBJC_ARC = YES;
				CLANG_WARN_BLOCK_CAPTURE_AUTORELEASING = YES;
				CLANG_WARN_BOOL_CONVERSION = YES;
				CLANG_WARN_COMMA = YES;
				CLANG_WARN_CONSTANT_CONVERSION = YES;
				CLANG_WARN_DIRECT_OBJC_ISA_USAGE = YES_ERROR;
				CLANG_WARN_DOCUMENTATION_COMMENTS = YES;
				CLANG_WARN_EMPTY_BODY = YES;
				CLANG_WARN_ENUM_CONVERSION = YES;
				CLANG_WARN_INFINITE_RECURSION = YES;
				CLANG_WARN_INT_CONVERSION = YES;
				CLANG_WARN_NON_LITERAL_NULL_CONVERSION = YES;
				CLANG_WARN_OBJC_LITERAL_CONVERSION = YES;
				CLANG_WARN_OBJC_ROOT_CLASS = YES_ERROR;
				CLANG_WARN_RANGE_LOOP_ANALYSIS = YES;
				CLANG_WARN_STRICT_PROTOTYPES = YES;
				CLANG_WARN_SUSPICIOUS_MOVE = YES;
				CLANG_WARN_UNGUARDED_AVAILABILITY = YES_AGGRESSIVE;
				CLANG_WARN_UNREACHABLE_CODE = YES;
				CLANG_WARN__DUPLICATE_METHOD_MATCH = YES;
				CODE_SIGN_IDENTITY = "iPhone Developer";
				COPY_PHASE_STRIP = NO;
				DEBUG_INFORMATION_FORMAT = "dwarf-with-dsym";
				ENABLE_NS_ASSERTIONS = NO;
				ENABLE_STRICT_OBJC_MSGSEND = YES;
				GCC_C_LANGUAGE_STANDARD = gnu11;
				GCC_NO_COMMON_BLOCKS = YES;
				GCC_WARN_64_TO_32_BIT_CONVERSION = YES;
				GCC_WARN_ABOUT_RETURN_TYPE = YES_ERROR;
				GCC_WARN_UNDECLARED_SELECTOR = YES;
				GCC_WARN_UNINITIALIZED_AUTOS = YES_AGGRESSIVE;
				GCC_WARN_UNUSED_FUNCTION = YES;
				GCC_WARN_UNUSED_VARIABLE = YES;
				IPHONEOS_DEPLOYMENT_TARGET = 11.2;
				MTL_ENABLE_DEBUG_INFO = NO;
				SDKROOT = iphoneos;
				SWIFT_OPTIMIZATION_LEVEL = "-Owholemodule";
				VALIDATE_PRODUCT = YES;
			};
			name = Release;
		};
		B196B7381FF86C6B00F12012 /* Debug */ = {
			isa = XCBuildConfiguration;
			buildSettings = {
				ASSETCATALOG_COMPILER_APPICON_NAME = AppIcon;
				CODE_SIGN_STYLE = Automatic;
				DEVELOPMENT_TEAM = 58YKL7WW5K;
				INFOPLIST_FILE = VirtualTourist/Info.plist;
				LD_RUNPATH_SEARCH_PATHS = "$(inherited) @executable_path/Frameworks";
				PRODUCT_BUNDLE_IDENTIFIER = com.rigobertosaenz.VirtualTourist;
				PRODUCT_NAME = "$(TARGET_NAME)";
				SWIFT_VERSION = 4.0;
				TARGETED_DEVICE_FAMILY = "1,2";
			};
			name = Debug;
		};
		B196B7391FF86C6B00F12012 /* Release */ = {
			isa = XCBuildConfiguration;
			buildSettings = {
				ASSETCATALOG_COMPILER_APPICON_NAME = AppIcon;
				CODE_SIGN_STYLE = Automatic;
				DEVELOPMENT_TEAM = 58YKL7WW5K;
				INFOPLIST_FILE = VirtualTourist/Info.plist;
				LD_RUNPATH_SEARCH_PATHS = "$(inherited) @executable_path/Frameworks";
				PRODUCT_BUNDLE_IDENTIFIER = com.rigobertosaenz.VirtualTourist;
				PRODUCT_NAME = "$(TARGET_NAME)";
				SWIFT_VERSION = 4.0;
				TARGETED_DEVICE_FAMILY = "1,2";
			};
			name = Release;
		};
/* End XCBuildConfiguration section */

/* Begin XCConfigurationList section */
		B196B71D1FF86C6B00F12012 /* Build configuration list for PBXProject "VirtualTourist" */ = {
			isa = XCConfigurationList;
			buildConfigurations = (
				B196B7351FF86C6B00F12012 /* Debug */,
				B196B7361FF86C6B00F12012 /* Release */,
			);
			defaultConfigurationIsVisible = 0;
			defaultConfigurationName = Release;
		};
		B196B7371FF86C6B00F12012 /* Build configuration list for PBXNativeTarget "VirtualTourist" */ = {
			isa = XCConfigurationList;
			buildConfigurations = (
				B196B7381FF86C6B00F12012 /* Debug */,
				B196B7391FF86C6B00F12012 /* Release */,
			);
			defaultConfigurationIsVisible = 0;
			defaultConfigurationName = Release;
		};
/* End XCConfigurationList section */

/* Begin XCVersionGroup section */
		B196B72C1FF86C6B00F12012 /* VirtualTourist.xcdatamodeld */ = {
			isa = XCVersionGroup;
			children = (
				B196B72D1FF86C6B00F12012 /* VirtualTourist.xcdatamodel */,
			);
			currentVersion = B196B72D1FF86C6B00F12012 /* VirtualTourist.xcdatamodel */;
			path = VirtualTourist.xcdatamodeld;
			sourceTree = "<group>";
			versionGroupType = wrapper.xcdatamodel;
		};
/* End XCVersionGroup section */
	};
	rootObject = B196B71A1FF86C6B00F12012 /* Project object */;
}
